// !$*UTF8*$!
{
	archiveVersion = 1;
	classes = {
	};
	objectVersion = 46;
	objects = {

/* Begin PBXBuildFile section */
		5091F95C1C8EAC1B00654854 /* main.m in Sources */ = {isa = PBXBuildFile; fileRef = 5091F95B1C8EAC1B00654854 /* main.m */; };
		5091F95F1C8EAC1B00654854 /* AppDelegate.m in Sources */ = {isa = PBXBuildFile; fileRef = 5091F95E1C8EAC1B00654854 /* AppDelegate.m */; };
		5091F9621C8EAC1B00654854 /* FirstViewController.m in Sources */ = {isa = PBXBuildFile; fileRef = 5091F9611C8EAC1B00654854 /* FirstViewController.m */; };
		5091F9651C8EAC1B00654854 /* SecondViewController.m in Sources */ = {isa = PBXBuildFile; fileRef = 5091F9641C8EAC1B00654854 /* SecondViewController.m */; };
		5091F9681C8EAC1B00654854 /* Main.storyboard in Resources */ = {isa = PBXBuildFile; fileRef = 5091F9661C8EAC1B00654854 /* Main.storyboard */; };
		5091F96A1C8EAC1B00654854 /* Assets.xcassets in Resources */ = {isa = PBXBuildFile; fileRef = 5091F9691C8EAC1B00654854 /* Assets.xcassets */; };
		5091F96D1C8EAC1B00654854 /* LaunchScreen.storyboard in Resources */ = {isa = PBXBuildFile; fileRef = 5091F96B1C8EAC1B00654854 /* LaunchScreen.storyboard */; };
/* End PBXBuildFile section */

/* Begin PBXFileReference section */
		5091F9571C8EAC1B00654854 /* BasketBallRecorder.app */ = {isa = PBXFileReference; explicitFileType = wrapper.application; includeInIndex = 0; path = BasketBallRecorder.app; sourceTree = BUILT_PRODUCTS_DIR; };
		5091F95B1C8EAC1B00654854 /* main.m */ = {isa = PBXFileReference; lastKnownFileType = sourcecode.c.objc; path = main.m; sourceTree = "<group>"; };
		5091F95D1C8EAC1B00654854 /* AppDelegate.h */ = {isa = PBXFileReference; lastKnownFileType = sourcecode.c.h; path = AppDelegate.h; sourceTree = "<group>"; };
		5091F95E1C8EAC1B00654854 /* AppDelegate.m */ = {isa = PBXFileReference; lastKnownFileType = sourcecode.c.objc; path = AppDelegate.m; sourceTree = "<group>"; };
		5091F9601C8EAC1B00654854 /* FirstViewController.h */ = {isa = PBXFileReference; lastKnownFileType = sourcecode.c.h; path = FirstViewController.h; sourceTree = "<group>"; };
		5091F9611C8EAC1B00654854 /* FirstViewController.m */ = {isa = PBXFileReference; lastKnownFileType = sourcecode.c.objc; path = FirstViewController.m; sourceTree = "<group>"; };
		5091F9631C8EAC1B00654854 /* SecondViewController.h */ = {isa = PBXFileReference; lastKnownFileType = sourcecode.c.h; path = SecondViewController.h; sourceTree = "<group>"; };
		5091F9641C8EAC1B00654854 /* SecondViewController.m */ = {isa = PBXFileReference; lastKnownFileType = sourcecode.c.objc; path = SecondViewController.m; sourceTree = "<group>"; };
		5091F9671C8EAC1B00654854 /* Base */ = {isa = PBXFileReference; lastKnownFileType = file.storyboard; name = Base; path = Base.lproj/Main.storyboard; sourceTree = "<group>"; };
		5091F9691C8EAC1B00654854 /* Assets.xcassets */ = {isa = PBXFileReference; lastKnownFileType = folder.assetcatalog; path = Assets.xcassets; sourceTree = "<group>"; };
		5091F96C1C8EAC1B00654854 /* Base */ = {isa = PBXFileReference; lastKnownFileType = file.storyboard; name = Base; path = Base.lproj/LaunchScreen.storyboard; sourceTree = "<group>"; };
		5091F96E1C8EAC1B00654854 /* Info.plist */ = {isa = PBXFileReference; lastKnownFileType = text.plist.xml; path = Info.plist; sourceTree = "<group>"; };
/* End PBXFileReference section */

/* Begin PBXFrameworksBuildPhase section */
		5091F9541C8EAC1B00654854 /* Frameworks */ = {
			isa = PBXFrameworksBuildPhase;
			buildActionMask = 2147483647;
			files = (
			);
			runOnlyForDeploymentPostprocessing = 0;
		};
/* End PBXFrameworksBuildPhase section */

/* Begin PBXGroup section */
		5091F94E1C8EAC1B00654854 = {
			isa = PBXGroup;
			children = (
				5091F9591C8EAC1B00654854 /* BasketBallRecorder */,
				5091F9581C8EAC1B00654854 /* Products */,
			);
			sourceTree = "<group>";
		};
		5091F9581C8EAC1B00654854 /* Products */ = {
			isa = PBXGroup;
			children = (
				5091F9571C8EAC1B00654854 /* BasketBallRecorder.app */,
			);
			name = Products;
			sourceTree = "<group>";
		};
		5091F9591C8EAC1B00654854 /* BasketBallRecorder */ = {
			isa = PBXGroup;
			children = (
				5091F95D1C8EAC1B00654854 /* AppDelegate.h */,
				5091F95E1C8EAC1B00654854 /* AppDelegate.m */,
				5091F9601C8EAC1B00654854 /* FirstViewController.h */,
				5091F9611C8EAC1B00654854 /* FirstViewController.m */,
				5091F9631C8EAC1B00654854 /* SecondViewController.h */,
				5091F9641C8EAC1B00654854 /* SecondViewController.m */,
				5091F9661C8EAC1B00654854 /* Main.storyboard */,
				5091F9691C8EAC1B00654854 /* Assets.xcassets */,
				5091F96B1C8EAC1B00654854 /* LaunchScreen.storyboard */,
				5091F96E1C8EAC1B00654854 /* Info.plist */,
				5091F95A1C8EAC1B00654854 /* Supporting Files */,
			);
			path = BasketBallRecorder;
			sourceTree = "<group>";
		};
		5091F95A1C8EAC1B00654854 /* Supporting Files */ = {
			isa = PBXGroup;
			children = (
				5091F95B1C8EAC1B00654854 /* main.m */,
			);
			name = "Supporting Files";
			sourceTree = "<group>";
		};
/* End PBXGroup section */

/* Begin PBXNativeTarget section */
		5091F9561C8EAC1B00654854 /* BasketBallRecorder */ = {
			isa = PBXNativeTarget;
			buildConfigurationList = 5091F9711C8EAC1B00654854 /* Build configuration list for PBXNativeTarget "BasketBallRecorder" */;
			buildPhases = (
				5091F9531C8EAC1B00654854 /* Sources */,
				5091F9541C8EAC1B00654854 /* Frameworks */,
				5091F9551C8EAC1B00654854 /* Resources */,
			);
			buildRules = (
			);
			dependencies = (
			);
			name = BasketBallRecorder;
			productName = BasketBallRecorder;
			productReference = 5091F9571C8EAC1B00654854 /* BasketBallRecorder.app */;
			productType = "com.apple.product-type.application";
		};
/* End PBXNativeTarget section */

/* Begin PBXProject section */
		5091F94F1C8EAC1B00654854 /* Project object */ = {
			isa = PBXProject;
			attributes = {
				LastUpgradeCheck = 0720;
				ORGANIZATIONNAME = "The Beewolf Company";
				TargetAttributes = {
					5091F9561C8EAC1B00654854 = {
						CreatedOnToolsVersion = 7.2.1;
					};
				};
			};
			buildConfigurationList = 5091F9521C8EAC1B00654854 /* Build configuration list for PBXProject "BasketBallRecorder" */;
			compatibilityVersion = "Xcode 3.2";
			developmentRegion = English;
			hasScannedForEncodings = 0;
			knownRegions = (
				en,
				Base,
			);
			mainGroup = 5091F94E1C8EAC1B00654854;
			productRefGroup = 5091F9581C8EAC1B00654854 /* Products */;
			projectDirPath = "";
			projectRoot = "";
			targets = (
				5091F9561C8EAC1B00654854 /* BasketBallRecorder */,
			);
		};
/* End PBXProject section */

/* Begin PBXResourcesBuildPhase section */
		5091F9551C8EAC1B00654854 /* Resources */ = {
			isa = PBXResourcesBuildPhase;
			buildActionMask = 2147483647;
			files = (
				5091F96D1C8EAC1B00654854 /* LaunchScreen.storyboard in Resources */,
				5091F96A1C8EAC1B00654854 /* Assets.xcassets in Resources */,
				5091F9681C8EAC1B00654854 /* Main.storyboard in Resources */,
			);
			runOnlyForDeploymentPostprocessing = 0;
		};
/* End PBXResourcesBuildPhase section */

/* Begin PBXSourcesBuildPhase section */
		5091F9531C8EAC1B00654854 /* Sources */ = {
			isa = PBXSourcesBuildPhase;
			buildActionMask = 2147483647;
			files = (
				5091F9651C8EAC1B00654854 /* SecondViewController.m in Sources */,
				5091F95F1C8EAC1B00654854 /* AppDelegate.m in Sources */,
				5091F9621C8EAC1B00654854 /* FirstViewController.m in Sources */,
				5091F95C1C8EAC1B00654854 /* main.m in Sources */,
			);
			runOnlyForDeploymentPostprocessing = 0;
		};
/* End PBXSourcesBuildPhase section */

/* Begin PBXVariantGroup section */
		5091F9661C8EAC1B00654854 /* Main.storyboard */ = {
			isa = PBXVariantGroup;
			children = (
				5091F9671C8EAC1B00654854 /* Base */,
			);
			name = Main.storyboard;
			sourceTree = "<group>";
		};
		5091F96B1C8EAC1B00654854 /* LaunchScreen.storyboard */ = {
			isa = PBXVariantGroup;
			children = (
				5091F96C1C8EAC1B00654854 /* Base */,
			);
			name = LaunchScreen.storyboard;
			sourceTree = "<group>";
		};
/* End PBXVariantGroup section */

/* Begin XCBuildConfiguration section */
		5091F96F1C8EAC1B00654854 /* Debug */ = {
			isa = XCBuildConfiguration;
			buildSettings = {
				ALWAYS_SEARCH_USER_PATHS = NO;
				CLANG_CXX_LANGUAGE_STANDARD = "gnu++0x";
				CLANG_CXX_LIBRARY = "libc++";
				CLANG_ENABLE_MODULES = YES;
				CLANG_ENABLE_OBJC_ARC = YES;
				CLANG_WARN_BOOL_CONVERSION = YES;
				CLANG_WARN_CONSTANT_CONVERSION = YES;
				CLANG_WARN_DIRECT_OBJC_ISA_USAGE = YES_ERROR;
				CLANG_WARN_EMPTY_BODY = YES;
				CLANG_WARN_ENUM_CONVERSION = YES;
				CLANG_WARN_INT_CONVERSION = YES;
				CLANG_WARN_OBJC_ROOT_CLASS = YES_ERROR;
				CLANG_WARN_UNREACHABLE_CODE = YES;
				CLANG_WARN__DUPLICATE_METHOD_MATCH = YES;
				"CODE_SIGN_IDENTITY[sdk=iphoneos*]" = "iPhone Developer";
				COPY_PHASE_STRIP = NO;
				DEBUG_INFORMATION_FORMAT = dwarf;
				ENABLE_STRICT_OBJC_MSGSEND = YES;
				ENABLE_TESTABILITY = YES;
				GCC_C_LANGUAGE_STANDARD = gnu99;
				GCC_DYNAMIC_NO_PIC = NO;
				GCC_NO_COMMON_BLOCKS = YES;
				GCC_OPTIMIZATION_LEVEL = 0;
				GCC_PREPROCESSOR_DEFINITIONS = (
					"DEBUG=1",
					"$(inherited)",
				);
				GCC_WARN_64_TO_32_BIT_CONVERSION = YES;
				GCC_WARN_ABOUT_RETURN_TYPE = YES_ERROR;
				GCC_WARN_UNDECLARED_SELECTOR = YES;
				GCC_WARN_UNINITIALIZED_AUTOS = YES_AGGRESSIVE;
				GCC_WARN_UNUSED_FUNCTION = YES;
				GCC_WARN_UNUSED_VARIABLE = YES;
				IPHONEOS_DEPLOYMENT_TARGET = 9.2;
				MTL_ENABLE_DEBUG_INFO = YES;
				ONLY_ACTIVE_ARCH = YES;
				SDKROOT = iphoneos;
				TARGETED_DEVICE_FAMILY = 2;
			};
			name = Debug;
		};
		5091F9701C8EAC1B00654854 /* Release */ = {
			isa = XCBuildConfiguration;
			buildSettings = {
				ALWAYS_SEARCH_USER_PATHS = NO;
				CLANG_CXX_LANGUAGE_STANDARD = "gnu++0x";
				CLANG_CXX_LIBRARY = "libc++";
				CLANG_ENABLE_MODULES = YES;
				CLANG_ENABLE_OBJC_ARC = YES;
				CLANG_WARN_BOOL_CONVERSION = YES;
				CLANG_WARN_CONSTANT_CONVERSION = YES;
				CLANG_WARN_DIRECT_OBJC_ISA_USAGE = YES_ERROR;
				CLANG_WARN_EMPTY_BODY = YES;
				CLANG_WARN_ENUM_CONVERSION = YES;
				CLANG_WARN_INT_CONVERSION = YES;
				CLANG_WARN_OBJC_ROOT_CLASS = YES_ERROR;
				CLANG_WARN_UNREACHABLE_CODE = YES;
				CLANG_WARN__DUPLICATE_METHOD_MATCH = YES;
				"CODE_SIGN_IDENTITY[sdk=iphoneos*]" = "iPhone Developer";
				COPY_PHASE_STRIP = NO;
				DEBUG_INFORMATION_FORMAT = "dwarf-with-dsym";
				ENABLE_NS_ASSERTIONS = NO;
				ENABLE_STRICT_OBJC_MSGSEND = YES;
				GCC_C_LANGUAGE_STANDARD = gnu99;
				GCC_NO_COMMON_BLOCKS = YES;
				GCC_WARN_64_TO_32_BIT_CONVERSION = YES;
				GCC_WARN_ABOUT_RETURN_TYPE = YES_ERROR;
				GCC_WARN_UNDECLARED_SELECTOR = YES;
				GCC_WARN_UNINITIALIZED_AUTOS = YES_AGGRESSIVE;
				GCC_WARN_UNUSED_FUNCTION = YES;
				GCC_WARN_UNUSED_VARIABLE = YES;
				IPHONEOS_DEPLOYMENT_TARGET = 9.2;
				MTL_ENABLE_DEBUG_INFO = NO;
				SDKROOT = iphoneos;
				TARGETED_DEVICE_FAMILY = 2;
				VALIDATE_PRODUCT = YES;
			};
			name = Release;
		};
		5091F9721C8EAC1B00654854 /* Debug */ = {
			isa = XCBuildConfiguration;
			buildSettings = {
				ASSETCATALOG_COMPILER_APPICON_NAME = AppIcon;
				INFOPLIST_FILE = BasketBallRecorder/Info.plist;
				LD_RUNPATH_SEARCH_PATHS = "$(inherited) @executable_path/Frameworks";
				PRODUCT_BUNDLE_IDENTIFIER = Com.Beewolf.BasketBallRecorder;
				PRODUCT_NAME = "$(TARGET_NAME)";
			};
			name = Debug;
		};
		5091F9731C8EAC1B00654854 /* Release */ = {
			isa = XCBuildConfiguration;
			buildSettings = {
				ASSETCATALOG_COMPILER_APPICON_NAME = AppIcon;
				INFOPLIST_FILE = BasketBallRecorder/Info.plist;
				LD_RUNPATH_SEARCH_PATHS = "$(inherited) @executable_path/Frameworks";
				PRODUCT_BUNDLE_IDENTIFIER = Com.Beewolf.BasketBallRecorder;
				PRODUCT_NAME = "$(TARGET_NAME)";
			};
			name = Release;
		};
/* End XCBuildConfiguration section */

/* Begin XCConfigurationList section */
		5091F9521C8EAC1B00654854 /* Build configuration list for PBXProject "BasketBallRecorder" */ = {
			isa = XCConfigurationList;
			buildConfigurations = (
				5091F96F1C8EAC1B00654854 /* Debug */,
				5091F9701C8EAC1B00654854 /* Release */,
			);
			defaultConfigurationIsVisible = 0;
			defaultConfigurationName = Release;
		};
		5091F9711C8EAC1B00654854 /* Build configuration list for PBXNativeTarget "BasketBallRecorder" */ = {
			isa = XCConfigurationList;
			buildConfigurations = (
				5091F9721C8EAC1B00654854 /* Debug */,
				5091F9731C8EAC1B00654854 /* Release */,
			);
			defaultConfigurationIsVisible = 0;
		};
/* End XCConfigurationList section */
	};
	rootObject = 5091F94F1C8EAC1B00654854 /* Project object */;
}
